// !$*UTF8*$!
{
	archiveVersion = 1;
	classes = {
	};
	objectVersion = 55;
	objects = {

/* Begin PBXBuildFile section */
		341DD9F228742CAF00001DFA /* GitHubTabBar.swift in Sources */ = {isa = PBXBuildFile; fileRef = 341DD9F128742CAF00001DFA /* GitHubTabBar.swift */; };
		341DD9F428744A3E00001DFA /* UserListViewController.swift in Sources */ = {isa = PBXBuildFile; fileRef = 341DD9F328744A3D00001DFA /* UserListViewController.swift */; };
		341DD9F728744BFB00001DFA /* UsersViewController + UITableViewDelegate.swift in Sources */ = {isa = PBXBuildFile; fileRef = 341DD9F628744BFB00001DFA /* UsersViewController + UITableViewDelegate.swift */; };
		341DD9F928744C0A00001DFA /* UsersViewController + UITableViewDataSource.swift in Sources */ = {isa = PBXBuildFile; fileRef = 341DD9F828744C0A00001DFA /* UsersViewController + UITableViewDataSource.swift */; };
		341DD9FC28744D7700001DFA /* UserListView.swift in Sources */ = {isa = PBXBuildFile; fileRef = 341DD9FB28744D7700001DFA /* UserListView.swift */; };
		341DD9FE2874550E00001DFA /* UserListTableViewCell.swift in Sources */ = {isa = PBXBuildFile; fileRef = 341DD9FD2874550E00001DFA /* UserListTableViewCell.swift */; };
		341DDA042874A9C900001DFA /* RequestProtocol.swift in Sources */ = {isa = PBXBuildFile; fileRef = 341DDA032874A9C900001DFA /* RequestProtocol.swift */; };
		341DDA062874A9FD00001DFA /* GetUserListRequest.swift in Sources */ = {isa = PBXBuildFile; fileRef = 341DDA052874A9FD00001DFA /* GetUserListRequest.swift */; };
		341DDA092874AA3200001DFA /* ParserProtocol.swift in Sources */ = {isa = PBXBuildFile; fileRef = 341DDA082874AA3200001DFA /* ParserProtocol.swift */; };
		341DDA0B2874AA5C00001DFA /* GitHubUsersParser.swift in Sources */ = {isa = PBXBuildFile; fileRef = 341DDA0A2874AA5C00001DFA /* GitHubUsersParser.swift */; };
		341DDA0E2874AAA200001DFA /* RequestsFactory.swift in Sources */ = {isa = PBXBuildFile; fileRef = 341DDA0D2874AAA200001DFA /* RequestsFactory.swift */; };
		341DDA102874AAB000001DFA /* RequestConfig.swift in Sources */ = {isa = PBXBuildFile; fileRef = 341DDA0F2874AAB000001DFA /* RequestConfig.swift */; };
		341DDA142874AAE900001DFA /* RequestSender.swift in Sources */ = {isa = PBXBuildFile; fileRef = 341DDA132874AAE900001DFA /* RequestSender.swift */; };
		341DDA172874AB7A00001DFA /* URLProvider.swift in Sources */ = {isa = PBXBuildFile; fileRef = 341DDA162874AB7A00001DFA /* URLProvider.swift */; };
		341DDA1A2874AB9D00001DFA /* NetworkError.swift in Sources */ = {isa = PBXBuildFile; fileRef = 341DDA192874AB9D00001DFA /* NetworkError.swift */; };
		341DDA1E2874B98800001DFA /* UserListItem.swift in Sources */ = {isa = PBXBuildFile; fileRef = 341DDA1D2874B98800001DFA /* UserListItem.swift */; };
		341DDA202874BA0900001DFA /* User.swift in Sources */ = {isa = PBXBuildFile; fileRef = 341DDA1F2874BA0900001DFA /* User.swift */; };
		341DDA222874CC8100001DFA /* GetUserRequest.swift in Sources */ = {isa = PBXBuildFile; fileRef = 341DDA212874CC8100001DFA /* GetUserRequest.swift */; };
		341DDA242874CCA100001DFA /* GetEmojisRequest.swift in Sources */ = {isa = PBXBuildFile; fileRef = 341DDA232874CCA100001DFA /* GetEmojisRequest.swift */; };
		341DDA262874E53B00001DFA /* ImageParser.swift in Sources */ = {isa = PBXBuildFile; fileRef = 341DDA252874E53B00001DFA /* ImageParser.swift */; };
		341DDA282874E58700001DFA /* GetImageRequest.swift in Sources */ = {isa = PBXBuildFile; fileRef = 341DDA272874E58700001DFA /* GetImageRequest.swift */; };
		341DDA302874E8F300001DFA /* Emoji.swift in Sources */ = {isa = PBXBuildFile; fileRef = 341DDA2F2874E8F300001DFA /* Emoji.swift */; };
		341DDA322874E9D900001DFA /* EmojiViewController.swift in Sources */ = {isa = PBXBuildFile; fileRef = 341DDA312874E9D900001DFA /* EmojiViewController.swift */; };
		341DDA342874E9EF00001DFA /* EmojiViewController + UICollectionViewDataSource.swift in Sources */ = {isa = PBXBuildFile; fileRef = 341DDA332874E9EF00001DFA /* EmojiViewController + UICollectionViewDataSource.swift */; };
		341DDA362874E9FB00001DFA /* EmojiViewController + UICollectionViewDelegateFlowLayout.swift in Sources */ = {isa = PBXBuildFile; fileRef = 341DDA352874E9FB00001DFA /* EmojiViewController + UICollectionViewDelegateFlowLayout.swift */; };
		341DDA382874EA1100001DFA /* UserViewController.swift in Sources */ = {isa = PBXBuildFile; fileRef = 341DDA372874EA1100001DFA /* UserViewController.swift */; };
		341DDA3A2874EA2A00001DFA /* EmojisView.swift in Sources */ = {isa = PBXBuildFile; fileRef = 341DDA392874EA2A00001DFA /* EmojisView.swift */; };
		341DDA3C2874EA4100001DFA /* EmojisCollectionViewCell.swift in Sources */ = {isa = PBXBuildFile; fileRef = 341DDA3B2874EA4100001DFA /* EmojisCollectionViewCell.swift */; };
		341DDA462874F6EB00001DFA /* GitHubEmojisParser.swift in Sources */ = {isa = PBXBuildFile; fileRef = 341DDA452874F6EB00001DFA /* GitHubEmojisParser.swift */; };
		341DDA48287558E600001DFA /* UserView.swift in Sources */ = {isa = PBXBuildFile; fileRef = 341DDA47287558E600001DFA /* UserView.swift */; };
		341DDA4A287586F500001DFA /* GitHubUserParser.swift in Sources */ = {isa = PBXBuildFile; fileRef = 341DDA49287586F400001DFA /* GitHubUserParser.swift */; };
		341DDA512876206600001DFA /* UIImageViewExtantion.swift in Sources */ = {isa = PBXBuildFile; fileRef = 341DDA502876206600001DFA /* UIImageViewExtantion.swift */; };
		341DDA542876311B00001DFA /* DownloadImageService.swift in Sources */ = {isa = PBXBuildFile; fileRef = 341DDA532876311B00001DFA /* DownloadImageService.swift */; };
		34C0DA47287423C70046AB90 /* AppDelegate.swift in Sources */ = {isa = PBXBuildFile; fileRef = 34C0DA46287423C70046AB90 /* AppDelegate.swift */; };
		34C0DA50287423CB0046AB90 /* Assets.xcassets in Resources */ = {isa = PBXBuildFile; fileRef = 34C0DA4F287423CB0046AB90 /* Assets.xcassets */; };
		34C0DA53287423CB0046AB90 /* LaunchScreen.storyboard in Resources */ = {isa = PBXBuildFile; fileRef = 34C0DA51287423CB0046AB90 /* LaunchScreen.storyboard */; };
/* End PBXBuildFile section */

/* Begin PBXFileReference section */
		341DD9F128742CAF00001DFA /* GitHubTabBar.swift */ = {isa = PBXFileReference; lastKnownFileType = sourcecode.swift; path = GitHubTabBar.swift; sourceTree = "<group>"; };
		341DD9F328744A3D00001DFA /* UserListViewController.swift */ = {isa = PBXFileReference; lastKnownFileType = sourcecode.swift; path = UserListViewController.swift; sourceTree = "<group>"; };
		341DD9F628744BFB00001DFA /* UsersViewController + UITableViewDelegate.swift */ = {isa = PBXFileReference; lastKnownFileType = sourcecode.swift; path = "UsersViewController + UITableViewDelegate.swift"; sourceTree = "<group>"; };
		341DD9F828744C0A00001DFA /* UsersViewController + UITableViewDataSource.swift */ = {isa = PBXFileReference; lastKnownFileType = sourcecode.swift; path = "UsersViewController + UITableViewDataSource.swift"; sourceTree = "<group>"; };
		341DD9FB28744D7700001DFA /* UserListView.swift */ = {isa = PBXFileReference; lastKnownFileType = sourcecode.swift; path = UserListView.swift; sourceTree = "<group>"; };
		341DD9FD2874550E00001DFA /* UserListTableViewCell.swift */ = {isa = PBXFileReference; lastKnownFileType = sourcecode.swift; path = UserListTableViewCell.swift; sourceTree = "<group>"; };
		341DDA032874A9C900001DFA /* RequestProtocol.swift */ = {isa = PBXFileReference; lastKnownFileType = sourcecode.swift; path = RequestProtocol.swift; sourceTree = "<group>"; };
		341DDA052874A9FD00001DFA /* GetUserListRequest.swift */ = {isa = PBXFileReference; lastKnownFileType = sourcecode.swift; path = GetUserListRequest.swift; sourceTree = "<group>"; };
		341DDA082874AA3200001DFA /* ParserProtocol.swift */ = {isa = PBXFileReference; lastKnownFileType = sourcecode.swift; path = ParserProtocol.swift; sourceTree = "<group>"; };
		341DDA0A2874AA5C00001DFA /* GitHubUsersParser.swift */ = {isa = PBXFileReference; lastKnownFileType = sourcecode.swift; path = GitHubUsersParser.swift; sourceTree = "<group>"; };
		341DDA0D2874AAA200001DFA /* RequestsFactory.swift */ = {isa = PBXFileReference; lastKnownFileType = sourcecode.swift; path = RequestsFactory.swift; sourceTree = "<group>"; };
		341DDA0F2874AAB000001DFA /* RequestConfig.swift */ = {isa = PBXFileReference; lastKnownFileType = sourcecode.swift; path = RequestConfig.swift; sourceTree = "<group>"; };
		341DDA132874AAE900001DFA /* RequestSender.swift */ = {isa = PBXFileReference; lastKnownFileType = sourcecode.swift; path = RequestSender.swift; sourceTree = "<group>"; };
		341DDA162874AB7A00001DFA /* URLProvider.swift */ = {isa = PBXFileReference; lastKnownFileType = sourcecode.swift; path = URLProvider.swift; sourceTree = "<group>"; };
		341DDA192874AB9D00001DFA /* NetworkError.swift */ = {isa = PBXFileReference; lastKnownFileType = sourcecode.swift; path = NetworkError.swift; sourceTree = "<group>"; };
		341DDA1D2874B98800001DFA /* UserListItem.swift */ = {isa = PBXFileReference; lastKnownFileType = sourcecode.swift; path = UserListItem.swift; sourceTree = "<group>"; };
		341DDA1F2874BA0900001DFA /* User.swift */ = {isa = PBXFileReference; lastKnownFileType = sourcecode.swift; path = User.swift; sourceTree = "<group>"; };
		341DDA212874CC8100001DFA /* GetUserRequest.swift */ = {isa = PBXFileReference; lastKnownFileType = sourcecode.swift; path = GetUserRequest.swift; sourceTree = "<group>"; };
		341DDA232874CCA100001DFA /* GetEmojisRequest.swift */ = {isa = PBXFileReference; lastKnownFileType = sourcecode.swift; path = GetEmojisRequest.swift; sourceTree = "<group>"; };
		341DDA252874E53B00001DFA /* ImageParser.swift */ = {isa = PBXFileReference; lastKnownFileType = sourcecode.swift; path = ImageParser.swift; sourceTree = "<group>"; };
		341DDA272874E58700001DFA /* GetImageRequest.swift */ = {isa = PBXFileReference; lastKnownFileType = sourcecode.swift; path = GetImageRequest.swift; sourceTree = "<group>"; };
		341DDA2F2874E8F300001DFA /* Emoji.swift */ = {isa = PBXFileReference; lastKnownFileType = sourcecode.swift; path = Emoji.swift; sourceTree = "<group>"; };
		341DDA312874E9D900001DFA /* EmojiViewController.swift */ = {isa = PBXFileReference; lastKnownFileType = sourcecode.swift; path = EmojiViewController.swift; sourceTree = "<group>"; };
		341DDA332874E9EF00001DFA /* EmojiViewController + UICollectionViewDataSource.swift */ = {isa = PBXFileReference; lastKnownFileType = sourcecode.swift; path = "EmojiViewController + UICollectionViewDataSource.swift"; sourceTree = "<group>"; };
		341DDA352874E9FB00001DFA /* EmojiViewController + UICollectionViewDelegateFlowLayout.swift */ = {isa = PBXFileReference; lastKnownFileType = sourcecode.swift; path = "EmojiViewController + UICollectionViewDelegateFlowLayout.swift"; sourceTree = "<group>"; };
		341DDA372874EA1100001DFA /* UserViewController.swift */ = {isa = PBXFileReference; lastKnownFileType = sourcecode.swift; path = UserViewController.swift; sourceTree = "<group>"; };
		341DDA392874EA2A00001DFA /* EmojisView.swift */ = {isa = PBXFileReference; lastKnownFileType = sourcecode.swift; path = EmojisView.swift; sourceTree = "<group>"; };
		341DDA3B2874EA4100001DFA /* EmojisCollectionViewCell.swift */ = {isa = PBXFileReference; lastKnownFileType = sourcecode.swift; path = EmojisCollectionViewCell.swift; sourceTree = "<group>"; };
		341DDA452874F6EB00001DFA /* GitHubEmojisParser.swift */ = {isa = PBXFileReference; lastKnownFileType = sourcecode.swift; path = GitHubEmojisParser.swift; sourceTree = "<group>"; };
		341DDA47287558E600001DFA /* UserView.swift */ = {isa = PBXFileReference; lastKnownFileType = sourcecode.swift; path = UserView.swift; sourceTree = "<group>"; };
		341DDA49287586F400001DFA /* GitHubUserParser.swift */ = {isa = PBXFileReference; lastKnownFileType = sourcecode.swift; path = GitHubUserParser.swift; sourceTree = "<group>"; };
		341DDA502876206600001DFA /* UIImageViewExtantion.swift */ = {isa = PBXFileReference; lastKnownFileType = sourcecode.swift; path = UIImageViewExtantion.swift; sourceTree = "<group>"; };
		341DDA532876311B00001DFA /* DownloadImageService.swift */ = {isa = PBXFileReference; lastKnownFileType = sourcecode.swift; path = DownloadImageService.swift; sourceTree = "<group>"; };
		341DDA552876365D00001DFA /* GitHubUsersConfig.xcconfig */ = {isa = PBXFileReference; lastKnownFileType = text.xcconfig; path = GitHubUsersConfig.xcconfig; sourceTree = "<group>"; };
		34C0DA43287423C70046AB90 /* GitHubUsers.app */ = {isa = PBXFileReference; explicitFileType = wrapper.application; includeInIndex = 0; path = GitHubUsers.app; sourceTree = BUILT_PRODUCTS_DIR; };
		34C0DA46287423C70046AB90 /* AppDelegate.swift */ = {isa = PBXFileReference; lastKnownFileType = sourcecode.swift; path = AppDelegate.swift; sourceTree = "<group>"; };
		34C0DA4F287423CB0046AB90 /* Assets.xcassets */ = {isa = PBXFileReference; lastKnownFileType = folder.assetcatalog; path = Assets.xcassets; sourceTree = "<group>"; };
		34C0DA52287423CB0046AB90 /* Base */ = {isa = PBXFileReference; lastKnownFileType = file.storyboard; name = Base; path = Base.lproj/LaunchScreen.storyboard; sourceTree = "<group>"; };
		34C0DA54287423CB0046AB90 /* Info.plist */ = {isa = PBXFileReference; lastKnownFileType = text.plist.xml; path = Info.plist; sourceTree = "<group>"; };
/* End PBXFileReference section */

/* Begin PBXFrameworksBuildPhase section */
		34C0DA40287423C70046AB90 /* Frameworks */ = {
			isa = PBXFrameworksBuildPhase;
			buildActionMask = 2147483647;
			files = (
			);
			runOnlyForDeploymentPostprocessing = 0;
		};
/* End PBXFrameworksBuildPhase section */

/* Begin PBXGroup section */
		341DD9F528744BD800001DFA /* UserList */ = {
			isa = PBXGroup;
			children = (
				341DD9F328744A3D00001DFA /* UserListViewController.swift */,
				341DD9F828744C0A00001DFA /* UsersViewController + UITableViewDataSource.swift */,
				341DD9F628744BFB00001DFA /* UsersViewController + UITableViewDelegate.swift */,
			);
			path = UserList;
			sourceTree = "<group>";
		};
		341DD9FA28744D6A00001DFA /* UserList */ = {
			isa = PBXGroup;
			children = (
				341DD9FB28744D7700001DFA /* UserListView.swift */,
				341DD9FD2874550E00001DFA /* UserListTableViewCell.swift */,
			);
			path = UserList;
			sourceTree = "<group>";
		};
		341DDA012874A98100001DFA /* Network Layer */ = {
			isa = PBXGroup;
			children = (
				341DDA022874A9A700001DFA /* Requests */,
				341DDA0C2874AA8800001DFA /* RequestManagement */,
				341DDA072874AA1900001DFA /* Parsing */,
				341DDA152874AB6D00001DFA /* Providers */,
				341DDA1B2874ABBF00001DFA /* Errors */,
			);
			path = "Network Layer";
			sourceTree = "<group>";
		};
		341DDA022874A9A700001DFA /* Requests */ = {
			isa = PBXGroup;
			children = (
				341DDA032874A9C900001DFA /* RequestProtocol.swift */,
				341DDA292874E64300001DFA /* GitHubApiRequests */,
				341DDA2A2874E67000001DFA /* ImagesRequests */,
			);
			path = Requests;
			sourceTree = "<group>";
		};
		341DDA072874AA1900001DFA /* Parsing */ = {
			isa = PBXGroup;
			children = (
				341DDA082874AA3200001DFA /* ParserProtocol.swift */,
				341DDA412874F61300001DFA /* GitHubApiParsers */,
				341DDA442874F64400001DFA /* ImagesParsers */,
			);
			path = Parsing;
			sourceTree = "<group>";
		};
		341DDA0C2874AA8800001DFA /* RequestManagement */ = {
			isa = PBXGroup;
			children = (
				341DDA0F2874AAB000001DFA /* RequestConfig.swift */,
				341DDA132874AAE900001DFA /* RequestSender.swift */,
				341DDA0D2874AAA200001DFA /* RequestsFactory.swift */,
			);
			path = RequestManagement;
			sourceTree = "<group>";
		};
		341DDA152874AB6D00001DFA /* Providers */ = {
			isa = PBXGroup;
			children = (
				341DDA162874AB7A00001DFA /* URLProvider.swift */,
			);
			path = Providers;
			sourceTree = "<group>";
		};
		341DDA1B2874ABBF00001DFA /* Errors */ = {
			isa = PBXGroup;
			children = (
				341DDA192874AB9D00001DFA /* NetworkError.swift */,
			);
			path = Errors;
			sourceTree = "<group>";
		};
		341DDA1C2874AC3D00001DFA /* Presentation Layer */ = {
			isa = PBXGroup;
			children = (
				3485221F28742647004225D2 /* Model */,
				3485221E28742640004225D2 /* View */,
				348522202874264E004225D2 /* Controller */,
			);
			path = "Presentation Layer";
			sourceTree = "<group>";
		};
		341DDA292874E64300001DFA /* GitHubApiRequests */ = {
			isa = PBXGroup;
			children = (
				341DDA3F2874F54D00001DFA /* Users */,
				341DDA402874F55900001DFA /* Emojis */,
			);
			path = GitHubApiRequests;
			sourceTree = "<group>";
		};
		341DDA2A2874E67000001DFA /* ImagesRequests */ = {
			isa = PBXGroup;
			children = (
				341DDA272874E58700001DFA /* GetImageRequest.swift */,
			);
			path = ImagesRequests;
			sourceTree = "<group>";
		};
		341DDA2B2874E89F00001DFA /* Emojis */ = {
			isa = PBXGroup;
			children = (
				341DDA312874E9D900001DFA /* EmojiViewController.swift */,
				341DDA332874E9EF00001DFA /* EmojiViewController + UICollectionViewDataSource.swift */,
				341DDA352874E9FB00001DFA /* EmojiViewController + UICollectionViewDelegateFlowLayout.swift */,
			);
			path = Emojis;
			sourceTree = "<group>";
		};
		341DDA2C2874E8A900001DFA /* User */ = {
			isa = PBXGroup;
			children = (
				341DDA372874EA1100001DFA /* UserViewController.swift */,
			);
			path = User;
			sourceTree = "<group>";
		};
		341DDA2D2874E8C000001DFA /* User */ = {
			isa = PBXGroup;
			children = (
				341DDA47287558E600001DFA /* UserView.swift */,
			);
			path = User;
			sourceTree = "<group>";
		};
		341DDA2E2874E8CA00001DFA /* Emojis */ = {
			isa = PBXGroup;
			children = (
				341DDA392874EA2A00001DFA /* EmojisView.swift */,
				341DDA3B2874EA4100001DFA /* EmojisCollectionViewCell.swift */,
			);
			path = Emojis;
			sourceTree = "<group>";
		};
		341DDA3F2874F54D00001DFA /* Users */ = {
			isa = PBXGroup;
			children = (
				341DDA052874A9FD00001DFA /* GetUserListRequest.swift */,
				341DDA212874CC8100001DFA /* GetUserRequest.swift */,
			);
			path = Users;
			sourceTree = "<group>";
		};
		341DDA402874F55900001DFA /* Emojis */ = {
			isa = PBXGroup;
			children = (
				341DDA232874CCA100001DFA /* GetEmojisRequest.swift */,
			);
			path = Emojis;
			sourceTree = "<group>";
		};
		341DDA412874F61300001DFA /* GitHubApiParsers */ = {
			isa = PBXGroup;
			children = (
				341DDA422874F62B00001DFA /* Users */,
				341DDA432874F63600001DFA /* Emojis */,
			);
			path = GitHubApiParsers;
			sourceTree = "<group>";
		};
		341DDA422874F62B00001DFA /* Users */ = {
			isa = PBXGroup;
			children = (
				341DDA0A2874AA5C00001DFA /* GitHubUsersParser.swift */,
				341DDA49287586F400001DFA /* GitHubUserParser.swift */,
			);
			path = Users;
			sourceTree = "<group>";
		};
		341DDA432874F63600001DFA /* Emojis */ = {
			isa = PBXGroup;
			children = (
				341DDA452874F6EB00001DFA /* GitHubEmojisParser.swift */,
			);
			path = Emojis;
			sourceTree = "<group>";
		};
		341DDA442874F64400001DFA /* ImagesParsers */ = {
			isa = PBXGroup;
			children = (
				341DDA252874E53B00001DFA /* ImageParser.swift */,
			);
			path = ImagesParsers;
			sourceTree = "<group>";
		};
		341DDA4F2876204B00001DFA /* Extentions */ = {
			isa = PBXGroup;
			children = (
				341DDA502876206600001DFA /* UIImageViewExtantion.swift */,
			);
			path = Extentions;
			sourceTree = "<group>";
		};
		341DDA52287630C500001DFA /* Service Layer */ = {
			isa = PBXGroup;
			children = (
				341DDA532876311B00001DFA /* DownloadImageService.swift */,
			);
			path = "Service Layer";
			sourceTree = "<group>";
		};
		3485221A28742562004225D2 /* Supporting files */ = {
			isa = PBXGroup;
			children = (
				34C0DA46287423C70046AB90 /* AppDelegate.swift */,
				34C0DA54287423CB0046AB90 /* Info.plist */,
			);
			path = "Supporting files";
			sourceTree = "<group>";
		};
		3485221B2874256E004225D2 /* Resources */ = {
			isa = PBXGroup;
			children = (
				34C0DA4F287423CB0046AB90 /* Assets.xcassets */,
			);
			path = Resources;
			sourceTree = "<group>";
		};
		3485221E28742640004225D2 /* View */ = {
			isa = PBXGroup;
			children = (
				341DD9FA28744D6A00001DFA /* UserList */,
				341DDA2D2874E8C000001DFA /* User */,
				341DDA2E2874E8CA00001DFA /* Emojis */,
				341DDA4F2876204B00001DFA /* Extentions */,
				34C0DA51287423CB0046AB90 /* LaunchScreen.storyboard */,
			);
			path = View;
			sourceTree = "<group>";
		};
		3485221F28742647004225D2 /* Model */ = {
			isa = PBXGroup;
			children = (
				341DDA1D2874B98800001DFA /* UserListItem.swift */,
				341DDA1F2874BA0900001DFA /* User.swift */,
				341DDA2F2874E8F300001DFA /* Emoji.swift */,
			);
			path = Model;
			sourceTree = "<group>";
		};
		348522202874264E004225D2 /* Controller */ = {
			isa = PBXGroup;
			children = (
				341DD9F128742CAF00001DFA /* GitHubTabBar.swift */,
				341DD9F528744BD800001DFA /* UserList */,
				341DDA2C2874E8A900001DFA /* User */,
				341DDA2B2874E89F00001DFA /* Emojis */,
			);
			path = Controller;
			sourceTree = "<group>";
		};
		34C0DA3A287423C70046AB90 = {
			isa = PBXGroup;
			children = (
				341DDA552876365D00001DFA /* GitHubUsersConfig.xcconfig */,
				34C0DA45287423C70046AB90 /* GitHubUsers */,
				3485221A28742562004225D2 /* Supporting files */,
				3485221B2874256E004225D2 /* Resources */,
				34C0DA44287423C70046AB90 /* Products */,
			);
			sourceTree = "<group>";
		};
		34C0DA44287423C70046AB90 /* Products */ = {
			isa = PBXGroup;
			children = (
				34C0DA43287423C70046AB90 /* GitHubUsers.app */,
			);
			name = Products;
			sourceTree = "<group>";
		};
		34C0DA45287423C70046AB90 /* GitHubUsers */ = {
			isa = PBXGroup;
			children = (
				341DDA1C2874AC3D00001DFA /* Presentation Layer */,
				341DDA52287630C500001DFA /* Service Layer */,
				341DDA012874A98100001DFA /* Network Layer */,
			);
			path = GitHubUsers;
			sourceTree = "<group>";
		};
/* End PBXGroup section */

/* Begin PBXNativeTarget section */
		34C0DA42287423C70046AB90 /* GitHubUsers */ = {
			isa = PBXNativeTarget;
			buildConfigurationList = 34C0DA57287423CB0046AB90 /* Build configuration list for PBXNativeTarget "GitHubUsers" */;
			buildPhases = (
				34C0DA3F287423C70046AB90 /* Sources */,
				34C0DA40287423C70046AB90 /* Frameworks */,
				34C0DA41287423C70046AB90 /* Resources */,
			);
			buildRules = (
			);
			dependencies = (
			);
			name = GitHubUsers;
			productName = GitHubUsers;
			productReference = 34C0DA43287423C70046AB90 /* GitHubUsers.app */;
			productType = "com.apple.product-type.application";
		};
/* End PBXNativeTarget section */

/* Begin PBXProject section */
		34C0DA3B287423C70046AB90 /* Project object */ = {
			isa = PBXProject;
			attributes = {
				BuildIndependentTargetsInParallel = 1;
				LastSwiftUpdateCheck = 1320;
				LastUpgradeCheck = 1320;
				TargetAttributes = {
					34C0DA42287423C70046AB90 = {
						CreatedOnToolsVersion = 13.2.1;
					};
				};
			};
			buildConfigurationList = 34C0DA3E287423C70046AB90 /* Build configuration list for PBXProject "GitHubUsers" */;
			compatibilityVersion = "Xcode 13.0";
			developmentRegion = en;
			hasScannedForEncodings = 0;
			knownRegions = (
				en,
				Base,
			);
			mainGroup = 34C0DA3A287423C70046AB90;
			productRefGroup = 34C0DA44287423C70046AB90 /* Products */;
			projectDirPath = "";
			projectRoot = "";
			targets = (
				34C0DA42287423C70046AB90 /* GitHubUsers */,
			);
		};
/* End PBXProject section */

/* Begin PBXResourcesBuildPhase section */
		34C0DA41287423C70046AB90 /* Resources */ = {
			isa = PBXResourcesBuildPhase;
			buildActionMask = 2147483647;
			files = (
				34C0DA53287423CB0046AB90 /* LaunchScreen.storyboard in Resources */,
				34C0DA50287423CB0046AB90 /* Assets.xcassets in Resources */,
			);
			runOnlyForDeploymentPostprocessing = 0;
		};
/* End PBXResourcesBuildPhase section */

/* Begin PBXSourcesBuildPhase section */
		34C0DA3F287423C70046AB90 /* Sources */ = {
			isa = PBXSourcesBuildPhase;
			buildActionMask = 2147483647;
			files = (
				341DDA1A2874AB9D00001DFA /* NetworkError.swift in Sources */,
				341DDA282874E58700001DFA /* GetImageRequest.swift in Sources */,
				341DD9F928744C0A00001DFA /* UsersViewController + UITableViewDataSource.swift in Sources */,
				341DDA48287558E600001DFA /* UserView.swift in Sources */,
				341DDA362874E9FB00001DFA /* EmojiViewController + UICollectionViewDelegateFlowLayout.swift in Sources */,
				341DDA0B2874AA5C00001DFA /* GitHubUsersParser.swift in Sources */,
				341DDA142874AAE900001DFA /* RequestSender.swift in Sources */,
				341DDA342874E9EF00001DFA /* EmojiViewController + UICollectionViewDataSource.swift in Sources */,
				341DDA3C2874EA4100001DFA /* EmojisCollectionViewCell.swift in Sources */,
				341DD9FC28744D7700001DFA /* UserListView.swift in Sources */,
				341DDA462874F6EB00001DFA /* GitHubEmojisParser.swift in Sources */,
				341DDA1E2874B98800001DFA /* UserListItem.swift in Sources */,
				341DDA062874A9FD00001DFA /* GetUserListRequest.swift in Sources */,
				341DD9FE2874550E00001DFA /* UserListTableViewCell.swift in Sources */,
				341DDA262874E53B00001DFA /* ImageParser.swift in Sources */,
				341DDA512876206600001DFA /* UIImageViewExtantion.swift in Sources */,
				341DDA4A287586F500001DFA /* GitHubUserParser.swift in Sources */,
				341DDA042874A9C900001DFA /* RequestProtocol.swift in Sources */,
				341DDA102874AAB000001DFA /* RequestConfig.swift in Sources */,
				34C0DA47287423C70046AB90 /* AppDelegate.swift in Sources */,
				341DDA172874AB7A00001DFA /* URLProvider.swift in Sources */,
				341DDA542876311B00001DFA /* DownloadImageService.swift in Sources */,
				341DDA202874BA0900001DFA /* User.swift in Sources */,
				341DD9F428744A3E00001DFA /* UserListViewController.swift in Sources */,
				341DDA322874E9D900001DFA /* EmojiViewController.swift in Sources */,
				341DDA242874CCA100001DFA /* GetEmojisRequest.swift in Sources */,
				341DDA382874EA1100001DFA /* UserViewController.swift in Sources */,
				341DDA302874E8F300001DFA /* Emoji.swift in Sources */,
				341DDA0E2874AAA200001DFA /* RequestsFactory.swift in Sources */,
				341DDA3A2874EA2A00001DFA /* EmojisView.swift in Sources */,
				341DD9F728744BFB00001DFA /* UsersViewController + UITableViewDelegate.swift in Sources */,
				341DDA092874AA3200001DFA /* ParserProtocol.swift in Sources */,
				341DD9F228742CAF00001DFA /* GitHubTabBar.swift in Sources */,
				341DDA222874CC8100001DFA /* GetUserRequest.swift in Sources */,
			);
			runOnlyForDeploymentPostprocessing = 0;
		};
/* End PBXSourcesBuildPhase section */

/* Begin PBXVariantGroup section */
		34C0DA51287423CB0046AB90 /* LaunchScreen.storyboard */ = {
			isa = PBXVariantGroup;
			children = (
				34C0DA52287423CB0046AB90 /* Base */,
			);
			name = LaunchScreen.storyboard;
			sourceTree = "<group>";
		};
/* End PBXVariantGroup section */

/* Begin XCBuildConfiguration section */
		34C0DA55287423CB0046AB90 /* Debug */ = {
			isa = XCBuildConfiguration;
			baseConfigurationReference = 341DDA552876365D00001DFA /* GitHubUsersConfig.xcconfig */;
			buildSettings = {
				ALWAYS_SEARCH_USER_PATHS = NO;
				CLANG_ANALYZER_NONNULL = YES;
				CLANG_ANALYZER_NUMBER_OBJECT_CONVERSION = YES_AGGRESSIVE;
				CLANG_CXX_LANGUAGE_STANDARD = "gnu++17";
				CLANG_CXX_LIBRARY = "libc++";
				CLANG_ENABLE_MODULES = YES;
				CLANG_ENABLE_OBJC_ARC = YES;
				CLANG_ENABLE_OBJC_WEAK = YES;
				CLANG_WARN_BLOCK_CAPTURE_AUTORELEASING = YES;
				CLANG_WARN_BOOL_CONVERSION = YES;
				CLANG_WARN_COMMA = YES;
				CLANG_WARN_CONSTANT_CONVERSION = YES;
				CLANG_WARN_DEPRECATED_OBJC_IMPLEMENTATIONS = YES;
				CLANG_WARN_DIRECT_OBJC_ISA_USAGE = YES_ERROR;
				CLANG_WARN_DOCUMENTATION_COMMENTS = YES;
				CLANG_WARN_EMPTY_BODY = YES;
				CLANG_WARN_ENUM_CONVERSION = YES;
				CLANG_WARN_INFINITE_RECURSION = YES;
				CLANG_WARN_INT_CONVERSION = YES;
				CLANG_WARN_NON_LITERAL_NULL_CONVERSION = YES;
				CLANG_WARN_OBJC_IMPLICIT_RETAIN_SELF = YES;
				CLANG_WARN_OBJC_LITERAL_CONVERSION = YES;
				CLANG_WARN_OBJC_ROOT_CLASS = YES_ERROR;
				CLANG_WARN_QUOTED_INCLUDE_IN_FRAMEWORK_HEADER = YES;
				CLANG_WARN_RANGE_LOOP_ANALYSIS = YES;
				CLANG_WARN_STRICT_PROTOTYPES = YES;
				CLANG_WARN_SUSPICIOUS_MOVE = YES;
				CLANG_WARN_UNGUARDED_AVAILABILITY = YES_AGGRESSIVE;
				CLANG_WARN_UNREACHABLE_CODE = YES;
				CLANG_WARN__DUPLICATE_METHOD_MATCH = YES;
				COPY_PHASE_STRIP = NO;
				DEBUG_INFORMATION_FORMAT = dwarf;
				ENABLE_STRICT_OBJC_MSGSEND = YES;
				ENABLE_TESTABILITY = YES;
				GCC_C_LANGUAGE_STANDARD = gnu11;
				GCC_DYNAMIC_NO_PIC = NO;
				GCC_NO_COMMON_BLOCKS = YES;
				GCC_OPTIMIZATION_LEVEL = 0;
				GCC_PREPROCESSOR_DEFINITIONS = (
					"DEBUG=1",
					"$(inherited)",
				);
				GCC_WARN_64_TO_32_BIT_CONVERSION = YES;
				GCC_WARN_ABOUT_RETURN_TYPE = YES_ERROR;
				GCC_WARN_UNDECLARED_SELECTOR = YES;
				GCC_WARN_UNINITIALIZED_AUTOS = YES_AGGRESSIVE;
				GCC_WARN_UNUSED_FUNCTION = YES;
				GCC_WARN_UNUSED_VARIABLE = YES;
				INFOPLIST_KEY_NSMainStoryboardFile = "";
				IPHONEOS_DEPLOYMENT_TARGET = 12.1;
				MTL_ENABLE_DEBUG_INFO = INCLUDE_SOURCE;
				MTL_FAST_MATH = YES;
				ONLY_ACTIVE_ARCH = YES;
				SDKROOT = iphoneos;
				SWIFT_ACTIVE_COMPILATION_CONDITIONS = DEBUG;
				SWIFT_OPTIMIZATION_LEVEL = "-Onone";
			};
			name = Debug;
		};
		34C0DA56287423CB0046AB90 /* Release */ = {
			isa = XCBuildConfiguration;
			buildSettings = {
				ALWAYS_SEARCH_USER_PATHS = NO;
				CLANG_ANALYZER_NONNULL = YES;
				CLANG_ANALYZER_NUMBER_OBJECT_CONVERSION = YES_AGGRESSIVE;
				CLANG_CXX_LANGUAGE_STANDARD = "gnu++17";
				CLANG_CXX_LIBRARY = "libc++";
				CLANG_ENABLE_MODULES = YES;
				CLANG_ENABLE_OBJC_ARC = YES;
				CLANG_ENABLE_OBJC_WEAK = YES;
				CLANG_WARN_BLOCK_CAPTURE_AUTORELEASING = YES;
				CLANG_WARN_BOOL_CONVERSION = YES;
				CLANG_WARN_COMMA = YES;
				CLANG_WARN_CONSTANT_CONVERSION = YES;
				CLANG_WARN_DEPRECATED_OBJC_IMPLEMENTATIONS = YES;
				CLANG_WARN_DIRECT_OBJC_ISA_USAGE = YES_ERROR;
				CLANG_WARN_DOCUMENTATION_COMMENTS = YES;
				CLANG_WARN_EMPTY_BODY = YES;
				CLANG_WARN_ENUM_CONVERSION = YES;
				CLANG_WARN_INFINITE_RECURSION = YES;
				CLANG_WARN_INT_CONVERSION = YES;
				CLANG_WARN_NON_LITERAL_NULL_CONVERSION = YES;
				CLANG_WARN_OBJC_IMPLICIT_RETAIN_SELF = YES;
				CLANG_WARN_OBJC_LITERAL_CONVERSION = YES;
				CLANG_WARN_OBJC_ROOT_CLASS = YES_ERROR;
				CLANG_WARN_QUOTED_INCLUDE_IN_FRAMEWORK_HEADER = YES;
				CLANG_WARN_RANGE_LOOP_ANALYSIS = YES;
				CLANG_WARN_STRICT_PROTOTYPES = YES;
				CLANG_WARN_SUSPICIOUS_MOVE = YES;
				CLANG_WARN_UNGUARDED_AVAILABILITY = YES_AGGRESSIVE;
				CLANG_WARN_UNREACHABLE_CODE = YES;
				CLANG_WARN__DUPLICATE_METHOD_MATCH = YES;
				COPY_PHASE_STRIP = NO;
				DEBUG_INFORMATION_FORMAT = "dwarf-with-dsym";
				ENABLE_NS_ASSERTIONS = NO;
				ENABLE_STRICT_OBJC_MSGSEND = YES;
				GCC_C_LANGUAGE_STANDARD = gnu11;
				GCC_NO_COMMON_BLOCKS = YES;
				GCC_WARN_64_TO_32_BIT_CONVERSION = YES;
				GCC_WARN_ABOUT_RETURN_TYPE = YES_ERROR;
				GCC_WARN_UNDECLARED_SELECTOR = YES;
				GCC_WARN_UNINITIALIZED_AUTOS = YES_AGGRESSIVE;
				GCC_WARN_UNUSED_FUNCTION = YES;
				GCC_WARN_UNUSED_VARIABLE = YES;
				INFOPLIST_KEY_NSMainStoryboardFile = "";
				IPHONEOS_DEPLOYMENT_TARGET = 12.1;
				MTL_ENABLE_DEBUG_INFO = NO;
				MTL_FAST_MATH = YES;
				SDKROOT = iphoneos;
				SWIFT_COMPILATION_MODE = wholemodule;
				SWIFT_OPTIMIZATION_LEVEL = "-O";
				VALIDATE_PRODUCT = YES;
			};
			name = Release;
		};
		34C0DA58287423CB0046AB90 /* Debug */ = {
			isa = XCBuildConfiguration;
			buildSettings = {
				ASSETCATALOG_COMPILER_APPICON_NAME = AppIcon;
				ASSETCATALOG_COMPILER_GLOBAL_ACCENT_COLOR_NAME = AccentColor;
				CODE_SIGN_STYLE = Automatic;
				CURRENT_PROJECT_VERSION = 1;
				DEVELOPMENT_TEAM = "";
				GENERATE_INFOPLIST_FILE = YES;
				INFOPLIST_FILE = "Supporting files/Info.plist";
				INFOPLIST_KEY_UIApplicationSupportsIndirectInputEvents = YES;
				INFOPLIST_KEY_UILaunchStoryboardName = LaunchScreen;
				INFOPLIST_KEY_UISupportedInterfaceOrientations = UIInterfaceOrientationPortrait;
				INFOPLIST_KEY_UISupportedInterfaceOrientations_iPad = "UIInterfaceOrientationPortrait UIInterfaceOrientationPortraitUpsideDown UIInterfaceOrientationLandscapeLeft UIInterfaceOrientationLandscapeRight";
				INFOPLIST_KEY_UISupportedInterfaceOrientations_iPhone = "UIInterfaceOrientationPortrait UIInterfaceOrientationPortrait UIInterfaceOrientationPortrait";
				IPHONEOS_DEPLOYMENT_TARGET = 12.1;
				LD_RUNPATH_SEARCH_PATHS = (
					"$(inherited)",
					"@executable_path/Frameworks",
				);
				MARKETING_VERSION = 1.0;
				PRODUCT_BUNDLE_IDENTIFIER = shtanko.ekaterina.GitHubUsers;
				PRODUCT_NAME = "$(TARGET_NAME)";
				SWIFT_EMIT_LOC_STRINGS = YES;
				SWIFT_VERSION = 5.0;
				TARGETED_DEVICE_FAMILY = 1;
			};
			name = Debug;
		};
		34C0DA59287423CB0046AB90 /* Release */ = {
			isa = XCBuildConfiguration;
			buildSettings = {
				ASSETCATALOG_COMPILER_APPICON_NAME = AppIcon;
				ASSETCATALOG_COMPILER_GLOBAL_ACCENT_COLOR_NAME = AccentColor;
				CODE_SIGN_STYLE = Automatic;
				CURRENT_PROJECT_VERSION = 1;
				DEVELOPMENT_TEAM = "";
				GENERATE_INFOPLIST_FILE = YES;
				INFOPLIST_FILE = "Supporting files/Info.plist";
				INFOPLIST_KEY_UIApplicationSupportsIndirectInputEvents = YES;
				INFOPLIST_KEY_UILaunchStoryboardName = LaunchScreen;
				INFOPLIST_KEY_UISupportedInterfaceOrientations = UIInterfaceOrientationPortrait;
				INFOPLIST_KEY_UISupportedInterfaceOrientations_iPad = "UIInterfaceOrientationPortrait UIInterfaceOrientationPortraitUpsideDown UIInterfaceOrientationLandscapeLeft UIInterfaceOrientationLandscapeRight";
				INFOPLIST_KEY_UISupportedInterfaceOrientations_iPhone = "UIInterfaceOrientationPortrait UIInterfaceOrientationPortrait UIInterfaceOrientationPortrait";
				IPHONEOS_DEPLOYMENT_TARGET = 12.1;
				LD_RUNPATH_SEARCH_PATHS = (
					"$(inherited)",
					"@executable_path/Frameworks",
				);
				MARKETING_VERSION = 1.0;
				PRODUCT_BUNDLE_IDENTIFIER = shtanko.ekaterina.GitHubUsers;
				PRODUCT_NAME = "$(TARGET_NAME)";
				SWIFT_EMIT_LOC_STRINGS = YES;
				SWIFT_VERSION = 5.0;
				TARGETED_DEVICE_FAMILY = 1;
			};
			name = Release;
		};
/* End XCBuildConfiguration section */

/* Begin XCConfigurationList section */
		34C0DA3E287423C70046AB90 /* Build configuration list for PBXProject "GitHubUsers" */ = {
			isa = XCConfigurationList;
			buildConfigurations = (
				34C0DA55287423CB0046AB90 /* Debug */,
				34C0DA56287423CB0046AB90 /* Release */,
			);
			defaultConfigurationIsVisible = 0;
			defaultConfigurationName = Release;
		};
		34C0DA57287423CB0046AB90 /* Build configuration list for PBXNativeTarget "GitHubUsers" */ = {
			isa = XCConfigurationList;
			buildConfigurations = (
				34C0DA58287423CB0046AB90 /* Debug */,
				34C0DA59287423CB0046AB90 /* Release */,
			);
			defaultConfigurationIsVisible = 0;
			defaultConfigurationName = Release;
		};
/* End XCConfigurationList section */
	};
	rootObject = 34C0DA3B287423C70046AB90 /* Project object */;
}
